
Microsoft Visual Studio Solution File, Format Version 12.00
# Visual Studio Version 17
VisualStudioVersion = 17.11.35208.52
MinimumVisualStudioVersion = 10.0.40219.1
Project("{9A19103F-16F7-4668-BE54-9A1E7A4F7556}") = "UMapExporter", "UMapExporter\UMapExporter.csproj", "{76BF2CEF-01A9-4AB1-8C3E-541FB1E40573}"
EndProject
Project("{9A19103F-16F7-4668-BE54-9A1E7A4F7556}") = "CUE4Parse", "CUE4Parse\CUE4Parse\CUE4Parse.csproj", "{FF29003F-34D0-4DB5-A94C-9371876B3000}"
EndProject
Project("{9A19103F-16F7-4668-BE54-9A1E7A4F7556}") = "CUE4Parse-Conversion", "CUE4Parse\CUE4Parse-Conversion\CUE4Parse-Conversion.csproj", "{883E5958-020F-49A6-8923-E941D136579D}"
EndProject
Global
	GlobalSection(SolutionConfigurationPlatforms) = preSolution
		Debug|Any CPU = Debug|Any CPU
		Release|Any CPU = Release|Any CPU
	EndGlobalSection
	GlobalSection(ProjectConfigurationPlatforms) = postSolution
		{76BF2CEF-01A9-4AB1-8C3E-541FB1E40573}.Debug|Any CPU.ActiveCfg = Debug|Any CPU
		{76BF2CEF-01A9-4AB1-8C3E-541FB1E40573}.Debug|Any CPU.Build.0 = Debug|Any CPU
		{76BF2CEF-01A9-4AB1-8C3E-541FB1E40573}.Release|Any CPU.ActiveCfg = Release|Any CPU
		{76BF2CEF-01A9-4AB1-8C3E-541FB1E40573}.Release|Any CPU.Build.0 = Release|Any CPU
		{FF29003F-34D0-4DB5-A94C-9371876B3000}.Debug|Any CPU.ActiveCfg = Debug|Any CPU
		{FF29003F-34D0-4DB5-A94C-9371876B3000}.Debug|Any CPU.Build.0 = Debug|Any CPU
		{FF29003F-34D0-4DB5-A94C-9371876B3000}.Release|Any CPU.ActiveCfg = Release|Any CPU
		{FF29003F-34D0-4DB5-A94C-9371876B3000}.Release|Any CPU.Build.0 = Release|Any CPU
		{883E5958-020F-49A6-8923-E941D136579D}.Debug|Any CPU.ActiveCfg = Debug|Any CPU
		{883E5958-020F-49A6-8923-E941D136579D}.Debug|Any CPU.Build.0 = Debug|Any CPU
		{883E5958-020F-49A6-8923-E941D136579D}.Release|Any CPU.ActiveCfg = Release|Any CPU
		{883E5958-020F-49A6-8923-E941D136579D}.Release|Any CPU.Build.0 = Release|Any CPU
	EndGlobalSection
	GlobalSection(SolutionProperties) = preSolution
		HideSolutionNode = FALSE
	EndGlobalSection
	GlobalSection(ExtensibilityGlobals) = postSolution
		SolutionGuid = {36FA2982-785C-4A21-A357-959B72BD8244}
	EndGlobalSection
EndGlobal
